
Microsoft Visual Studio Solution File, Format Version 12.00
# Visual Studio Version 16
VisualStudioVersion = 16.0.29806.167
MinimumVisualStudioVersion = 10.0.40219.1
Project("{9A19103F-16F7-4668-BE54-9A1E7A4F7556}") = "02SuperMario", "02SuperMario\02SuperMario.csproj", "{55E8896E-CA50-4ACF-9F34-E6DA455CAA59}"
EndProject
Project("{9A19103F-16F7-4668-BE54-9A1E7A4F7556}") = "03CocktailParty", "03CocktailParty\03CocktailParty.csproj", "{A2DFA732-D680-440C-BDA8-B8B9D3B83722}"
EndProject
Project("{9A19103F-16F7-4668-BE54-9A1E7A4F7556}") = "01WarmWinter", "01WarmWinter\01WarmWinter.csproj", "{69173686-6780-4D4C-BB70-FD3366DF92DF}"
EndProject
Global
	GlobalSection(SolutionConfigurationPlatforms) = preSolution
		Debug|Any CPU = Debug|Any CPU
		Release|Any CPU = Release|Any CPU
	EndGlobalSection
	GlobalSection(ProjectConfigurationPlatforms) = postSolution
		{55E8896E-CA50-4ACF-9F34-E6DA455CAA59}.Debug|Any CPU.ActiveCfg = Debug|Any CPU
		{55E8896E-CA50-4ACF-9F34-E6DA455CAA59}.Debug|Any CPU.Build.0 = Debug|Any CPU
		{55E8896E-CA50-4ACF-9F34-E6DA455CAA59}.Release|Any CPU.ActiveCfg = Release|Any CPU
		{55E8896E-CA50-4ACF-9F34-E6DA455CAA59}.Release|Any CPU.Build.0 = Release|Any CPU
		{A2DFA732-D680-440C-BDA8-B8B9D3B83722}.Debug|Any CPU.ActiveCfg = Debug|Any CPU
		{A2DFA732-D680-440C-BDA8-B8B9D3B83722}.Debug|Any CPU.Build.0 = Debug|Any CPU
		{A2DFA732-D680-440C-BDA8-B8B9D3B83722}.Release|Any CPU.ActiveCfg = Release|Any CPU
		{A2DFA732-D680-440C-BDA8-B8B9D3B83722}.Release|Any CPU.Build.0 = Release|Any CPU
		{69173686-6780-4D4C-BB70-FD3366DF92DF}.Debug|Any CPU.ActiveCfg = Debug|Any CPU
		{69173686-6780-4D4C-BB70-FD3366DF92DF}.Debug|Any CPU.Build.0 = Debug|Any CPU
		{69173686-6780-4D4C-BB70-FD3366DF92DF}.Release|Any CPU.ActiveCfg = Release|Any CPU
		{69173686-6780-4D4C-BB70-FD3366DF92DF}.Release|Any CPU.Build.0 = Release|Any CPU
	EndGlobalSection
	GlobalSection(SolutionProperties) = preSolution
		HideSolutionNode = FALSE
	EndGlobalSection
	GlobalSection(ExtensibilityGlobals) = postSolution
		SolutionGuid = {E3E234AD-9901-4515-82F2-50792FF6492F}
	EndGlobalSection
EndGlobal
