
Microsoft Visual Studio Solution File, Format Version 12.00
# Visual Studio Version 16
VisualStudioVersion = 16.0.29806.167
MinimumVisualStudioVersion = 10.0.40219.1
Project("{FAE04EC0-301F-11D3-BF4B-00C04F79EFBC}") = "01CountSameValuesInArray", "01CountSameValuesInArray.csproj", "{C794F9CA-DD0E-4245-8BA4-6D97631764CF}"
EndProject
Project("{FAE04EC0-301F-11D3-BF4B-00C04F79EFBC}") = "02AverageStudentGrades", "..\02AverageStudentGrades\02AverageStudentGrades.csproj", "{DA392787-4684-4F7E-BDAE-59FA3BCD11B4}"
EndProject
Project("{FAE04EC0-301F-11D3-BF4B-00C04F79EFBC}") = "03ProductShop", "..\03ProductShop\03ProductShop.csproj", "{3D13D70C-F036-4ACD-97FD-9B1C7F0596A1}"
EndProject
Project("{FAE04EC0-301F-11D3-BF4B-00C04F79EFBC}") = "04CitiesByContinentAndCountry", "..\04CitiesByContinentAndCountry\04CitiesByContinentAndCountry.csproj", "{CC1F8AB9-6585-48EB-BBA8-8188E4D7D347}"
EndProject
Project("{FAE04EC0-301F-11D3-BF4B-00C04F79EFBC}") = "05RecordUniqueNames", "..\05RecordUniqueNames\05RecordUniqueNames.csproj", "{388D7602-308F-49A2-A254-B5982F88CE6E}"
EndProject
Project("{FAE04EC0-301F-11D3-BF4B-00C04F79EFBC}") = "06ParkingLot", "..\06ParkingLot\06ParkingLot.csproj", "{0D9BA0C7-8382-4EE0-A156-001E2A773485}"
EndProject
Project("{FAE04EC0-301F-11D3-BF4B-00C04F79EFBC}") = "07SoftUniParty", "..\07SoftUniParty\07SoftUniParty.csproj", "{E32603DF-569A-4172-B3DA-BEFEDAD1EC18}"
EndProject
Global
	GlobalSection(SolutionConfigurationPlatforms) = preSolution
		Debug|Any CPU = Debug|Any CPU
		Release|Any CPU = Release|Any CPU
	EndGlobalSection
	GlobalSection(ProjectConfigurationPlatforms) = postSolution
		{C794F9CA-DD0E-4245-8BA4-6D97631764CF}.Debug|Any CPU.ActiveCfg = Debug|Any CPU
		{C794F9CA-DD0E-4245-8BA4-6D97631764CF}.Debug|Any CPU.Build.0 = Debug|Any CPU
		{C794F9CA-DD0E-4245-8BA4-6D97631764CF}.Release|Any CPU.ActiveCfg = Release|Any CPU
		{C794F9CA-DD0E-4245-8BA4-6D97631764CF}.Release|Any CPU.Build.0 = Release|Any CPU
		{DA392787-4684-4F7E-BDAE-59FA3BCD11B4}.Debug|Any CPU.ActiveCfg = Debug|Any CPU
		{DA392787-4684-4F7E-BDAE-59FA3BCD11B4}.Debug|Any CPU.Build.0 = Debug|Any CPU
		{DA392787-4684-4F7E-BDAE-59FA3BCD11B4}.Release|Any CPU.ActiveCfg = Release|Any CPU
		{DA392787-4684-4F7E-BDAE-59FA3BCD11B4}.Release|Any CPU.Build.0 = Release|Any CPU
		{3D13D70C-F036-4ACD-97FD-9B1C7F0596A1}.Debug|Any CPU.ActiveCfg = Debug|Any CPU
		{3D13D70C-F036-4ACD-97FD-9B1C7F0596A1}.Debug|Any CPU.Build.0 = Debug|Any CPU
		{3D13D70C-F036-4ACD-97FD-9B1C7F0596A1}.Release|Any CPU.ActiveCfg = Release|Any CPU
		{3D13D70C-F036-4ACD-97FD-9B1C7F0596A1}.Release|Any CPU.Build.0 = Release|Any CPU
		{CC1F8AB9-6585-48EB-BBA8-8188E4D7D347}.Debug|Any CPU.ActiveCfg = Debug|Any CPU
		{CC1F8AB9-6585-48EB-BBA8-8188E4D7D347}.Debug|Any CPU.Build.0 = Debug|Any CPU
		{CC1F8AB9-6585-48EB-BBA8-8188E4D7D347}.Release|Any CPU.ActiveCfg = Release|Any CPU
		{CC1F8AB9-6585-48EB-BBA8-8188E4D7D347}.Release|Any CPU.Build.0 = Release|Any CPU
		{388D7602-308F-49A2-A254-B5982F88CE6E}.Debug|Any CPU.ActiveCfg = Debug|Any CPU
		{388D7602-308F-49A2-A254-B5982F88CE6E}.Debug|Any CPU.Build.0 = Debug|Any CPU
		{388D7602-308F-49A2-A254-B5982F88CE6E}.Release|Any CPU.ActiveCfg = Release|Any CPU
		{388D7602-308F-49A2-A254-B5982F88CE6E}.Release|Any CPU.Build.0 = Release|Any CPU
		{0D9BA0C7-8382-4EE0-A156-001E2A773485}.Debug|Any CPU.ActiveCfg = Debug|Any CPU
		{0D9BA0C7-8382-4EE0-A156-001E2A773485}.Debug|Any CPU.Build.0 = Debug|Any CPU
		{0D9BA0C7-8382-4EE0-A156-001E2A773485}.Release|Any CPU.ActiveCfg = Release|Any CPU
		{0D9BA0C7-8382-4EE0-A156-001E2A773485}.Release|Any CPU.Build.0 = Release|Any CPU
		{E32603DF-569A-4172-B3DA-BEFEDAD1EC18}.Debug|Any CPU.ActiveCfg = Debug|Any CPU
		{E32603DF-569A-4172-B3DA-BEFEDAD1EC18}.Debug|Any CPU.Build.0 = Debug|Any CPU
		{E32603DF-569A-4172-B3DA-BEFEDAD1EC18}.Release|Any CPU.ActiveCfg = Release|Any CPU
		{E32603DF-569A-4172-B3DA-BEFEDAD1EC18}.Release|Any CPU.Build.0 = Release|Any CPU
	EndGlobalSection
	GlobalSection(SolutionProperties) = preSolution
		HideSolutionNode = FALSE
	EndGlobalSection
	GlobalSection(ExtensibilityGlobals) = postSolution
		SolutionGuid = {38462E2D-7AA8-4C1E-92FF-439B88A13893}
	EndGlobalSection
EndGlobal
