
Microsoft Visual Studio Solution File, Format Version 12.00
# Visual Studio Version 16
VisualStudioVersion = 16.0.29806.167
MinimumVisualStudioVersion = 10.0.40219.1
Project("{FAE04EC0-301F-11D3-BF4B-00C04F79EFBC}") = "01CounterStrike", "01CounterStrike.csproj", "{1B669FF5-4582-43D7-80C1-026AA8297F4B}"
EndProject
Project("{FAE04EC0-301F-11D3-BF4B-00C04F79EFBC}") = "02ShootForTheWin", "..\02ShootForTheWin\02ShootForTheWin.csproj", "{FBCD16D9-04D2-4D9C-BE04-293CD4E1446D}"
EndProject
Project("{FAE04EC0-301F-11D3-BF4B-00C04F79EFBC}") = "03MovingTarget", "..\03MovingTarget\03MovingTarget.csproj", "{FF5F8A06-0983-43D7-9047-77303D73DFFF}"
EndProject
Global
	GlobalSection(SolutionConfigurationPlatforms) = preSolution
		Debug|Any CPU = Debug|Any CPU
		Release|Any CPU = Release|Any CPU
	EndGlobalSection
	GlobalSection(ProjectConfigurationPlatforms) = postSolution
		{1B669FF5-4582-43D7-80C1-026AA8297F4B}.Debug|Any CPU.ActiveCfg = Debug|Any CPU
		{1B669FF5-4582-43D7-80C1-026AA8297F4B}.Debug|Any CPU.Build.0 = Debug|Any CPU
		{1B669FF5-4582-43D7-80C1-026AA8297F4B}.Release|Any CPU.ActiveCfg = Release|Any CPU
		{1B669FF5-4582-43D7-80C1-026AA8297F4B}.Release|Any CPU.Build.0 = Release|Any CPU
		{FBCD16D9-04D2-4D9C-BE04-293CD4E1446D}.Debug|Any CPU.ActiveCfg = Debug|Any CPU
		{FBCD16D9-04D2-4D9C-BE04-293CD4E1446D}.Debug|Any CPU.Build.0 = Debug|Any CPU
		{FBCD16D9-04D2-4D9C-BE04-293CD4E1446D}.Release|Any CPU.ActiveCfg = Release|Any CPU
		{FBCD16D9-04D2-4D9C-BE04-293CD4E1446D}.Release|Any CPU.Build.0 = Release|Any CPU
		{FF5F8A06-0983-43D7-9047-77303D73DFFF}.Debug|Any CPU.ActiveCfg = Debug|Any CPU
		{FF5F8A06-0983-43D7-9047-77303D73DFFF}.Debug|Any CPU.Build.0 = Debug|Any CPU
		{FF5F8A06-0983-43D7-9047-77303D73DFFF}.Release|Any CPU.ActiveCfg = Release|Any CPU
		{FF5F8A06-0983-43D7-9047-77303D73DFFF}.Release|Any CPU.Build.0 = Release|Any CPU
	EndGlobalSection
	GlobalSection(SolutionProperties) = preSolution
		HideSolutionNode = FALSE
	EndGlobalSection
	GlobalSection(ExtensibilityGlobals) = postSolution
		SolutionGuid = {7BE9C795-D3AA-4C77-A90E-F53D01F442BA}
	EndGlobalSection
EndGlobal
