
Microsoft Visual Studio Solution File, Format Version 12.00
# Visual Studio Version 16
VisualStudioVersion = 16.0.29806.167
MinimumVisualStudioVersion = 10.0.40219.1
Project("{9A19103F-16F7-4668-BE54-9A1E7A4F7556}") = "01TestAxe", "01TestAxe\01TestAxe.csproj", "{27B5E2C1-A4CD-425D-A601-DB4323B5269A}"
EndProject
Project("{9A19103F-16F7-4668-BE54-9A1E7A4F7556}") = "02DummyTests", "02DummyTests\02DummyTests.csproj", "{5A253DBD-3B05-42AD-8595-929A4CF9A606}"
EndProject
Project("{9A19103F-16F7-4668-BE54-9A1E7A4F7556}") = "Skeleton", "Skeleton\Skeleton.csproj", "{70EBDB1C-DE55-4217-922C-30F2D63657EE}"
EndProject
Global
	GlobalSection(SolutionConfigurationPlatforms) = preSolution
		Debug|Any CPU = Debug|Any CPU
		Release|Any CPU = Release|Any CPU
	EndGlobalSection
	GlobalSection(ProjectConfigurationPlatforms) = postSolution
		{27B5E2C1-A4CD-425D-A601-DB4323B5269A}.Debug|Any CPU.ActiveCfg = Debug|Any CPU
		{27B5E2C1-A4CD-425D-A601-DB4323B5269A}.Debug|Any CPU.Build.0 = Debug|Any CPU
		{27B5E2C1-A4CD-425D-A601-DB4323B5269A}.Release|Any CPU.ActiveCfg = Release|Any CPU
		{27B5E2C1-A4CD-425D-A601-DB4323B5269A}.Release|Any CPU.Build.0 = Release|Any CPU
		{5A253DBD-3B05-42AD-8595-929A4CF9A606}.Debug|Any CPU.ActiveCfg = Debug|Any CPU
		{5A253DBD-3B05-42AD-8595-929A4CF9A606}.Debug|Any CPU.Build.0 = Debug|Any CPU
		{5A253DBD-3B05-42AD-8595-929A4CF9A606}.Release|Any CPU.ActiveCfg = Release|Any CPU
		{5A253DBD-3B05-42AD-8595-929A4CF9A606}.Release|Any CPU.Build.0 = Release|Any CPU
		{70EBDB1C-DE55-4217-922C-30F2D63657EE}.Debug|Any CPU.ActiveCfg = Debug|Any CPU
		{70EBDB1C-DE55-4217-922C-30F2D63657EE}.Debug|Any CPU.Build.0 = Debug|Any CPU
		{70EBDB1C-DE55-4217-922C-30F2D63657EE}.Release|Any CPU.ActiveCfg = Release|Any CPU
		{70EBDB1C-DE55-4217-922C-30F2D63657EE}.Release|Any CPU.Build.0 = Release|Any CPU
	EndGlobalSection
	GlobalSection(SolutionProperties) = preSolution
		HideSolutionNode = FALSE
	EndGlobalSection
	GlobalSection(ExtensibilityGlobals) = postSolution
		SolutionGuid = {36313AA1-3A98-4B2C-93B0-BC931350FE95}
	EndGlobalSection
EndGlobal
