
Microsoft Visual Studio Solution File, Format Version 12.00
# Visual Studio Version 16
VisualStudioVersion = 16.0.29806.167
MinimumVisualStudioVersion = 10.0.40219.1
Project("{9A19103F-16F7-4668-BE54-9A1E7A4F7556}") = "WarCroft", "WarCroft\WarCroft.csproj", "{677BC890-C50A-48DF-A5BF-6F104EE17007}"
EndProject
Project("{9A19103F-16F7-4668-BE54-9A1E7A4F7556}") = "FestivalManager.Tests", "Unit_Tests\FestivalManager.Tests.csproj", "{BA784F7D-85DA-4E47-B639-3861B19C85E1}"
EndProject
Global
	GlobalSection(SolutionConfigurationPlatforms) = preSolution
		Debug|Any CPU = Debug|Any CPU
		Release|Any CPU = Release|Any CPU
	EndGlobalSection
	GlobalSection(ProjectConfigurationPlatforms) = postSolution
		{677BC890-C50A-48DF-A5BF-6F104EE17007}.Debug|Any CPU.ActiveCfg = Debug|Any CPU
		{677BC890-C50A-48DF-A5BF-6F104EE17007}.Debug|Any CPU.Build.0 = Debug|Any CPU
		{677BC890-C50A-48DF-A5BF-6F104EE17007}.Release|Any CPU.ActiveCfg = Release|Any CPU
		{677BC890-C50A-48DF-A5BF-6F104EE17007}.Release|Any CPU.Build.0 = Release|Any CPU
		{BA784F7D-85DA-4E47-B639-3861B19C85E1}.Debug|Any CPU.ActiveCfg = Debug|Any CPU
		{BA784F7D-85DA-4E47-B639-3861B19C85E1}.Debug|Any CPU.Build.0 = Debug|Any CPU
		{BA784F7D-85DA-4E47-B639-3861B19C85E1}.Release|Any CPU.ActiveCfg = Release|Any CPU
		{BA784F7D-85DA-4E47-B639-3861B19C85E1}.Release|Any CPU.Build.0 = Release|Any CPU
	EndGlobalSection
	GlobalSection(SolutionProperties) = preSolution
		HideSolutionNode = FALSE
	EndGlobalSection
	GlobalSection(ExtensibilityGlobals) = postSolution
		SolutionGuid = {0C82ABCF-B8C3-4135-AB9B-549D55816EDF}
	EndGlobalSection
EndGlobal
