
Microsoft Visual Studio Solution File, Format Version 12.00
# Visual Studio Version 16
VisualStudioVersion = 16.0.29806.167
MinimumVisualStudioVersion = 10.0.40219.1
Project("{FAE04EC0-301F-11D3-BF4B-00C04F79EFBC}") = "01DataTypeFinder", "01DataTypeFinder.csproj", "{57ADEA55-7E16-4AEC-90F6-4511DE017BB0}"
EndProject
Project("{FAE04EC0-301F-11D3-BF4B-00C04F79EFBC}") = "02FromLeftToTheRight", "..\02FromLeftToTheRight\02FromLeftToTheRight.csproj", "{44F8EC2C-4593-4065-89BA-EDCE6D4E2F41}"
EndProject
Project("{FAE04EC0-301F-11D3-BF4B-00C04F79EFBC}") = "03FloatingEquality", "..\03FloatingEquality\03FloatingEquality.csproj", "{9DA52AD9-1A3B-4D1E-B3D6-5863E86DB9FB}"
EndProject
Project("{FAE04EC0-301F-11D3-BF4B-00C04F79EFBC}") = "04RefactoringPrimeChecker", "..\04RefactoringPrimeChecker\04RefactoringPrimeChecker.csproj", "{DFE8F6D6-9F0A-41D1-BB46-2A6A8B9EE02E}"
EndProject
Project("{FAE04EC0-301F-11D3-BF4B-00C04F79EFBC}") = "05DecryptingMessage", "..\05DecryptingMessage\05DecryptingMessage.csproj", "{9B43BCEB-74C9-4AB8-A46D-61B5FBF1DD9F}"
EndProject
Project("{FAE04EC0-301F-11D3-BF4B-00C04F79EFBC}") = "06BalancedBrackets", "..\06BalancedBrackets\06BalancedBrackets.csproj", "{E842C0EF-94CF-40C6-8C0C-D38A1196F3F8}"
EndProject
Global
	GlobalSection(SolutionConfigurationPlatforms) = preSolution
		Debug|Any CPU = Debug|Any CPU
		Release|Any CPU = Release|Any CPU
	EndGlobalSection
	GlobalSection(ProjectConfigurationPlatforms) = postSolution
		{57ADEA55-7E16-4AEC-90F6-4511DE017BB0}.Debug|Any CPU.ActiveCfg = Debug|Any CPU
		{57ADEA55-7E16-4AEC-90F6-4511DE017BB0}.Debug|Any CPU.Build.0 = Debug|Any CPU
		{57ADEA55-7E16-4AEC-90F6-4511DE017BB0}.Release|Any CPU.ActiveCfg = Release|Any CPU
		{57ADEA55-7E16-4AEC-90F6-4511DE017BB0}.Release|Any CPU.Build.0 = Release|Any CPU
		{44F8EC2C-4593-4065-89BA-EDCE6D4E2F41}.Debug|Any CPU.ActiveCfg = Debug|Any CPU
		{44F8EC2C-4593-4065-89BA-EDCE6D4E2F41}.Debug|Any CPU.Build.0 = Debug|Any CPU
		{44F8EC2C-4593-4065-89BA-EDCE6D4E2F41}.Release|Any CPU.ActiveCfg = Release|Any CPU
		{44F8EC2C-4593-4065-89BA-EDCE6D4E2F41}.Release|Any CPU.Build.0 = Release|Any CPU
		{9DA52AD9-1A3B-4D1E-B3D6-5863E86DB9FB}.Debug|Any CPU.ActiveCfg = Debug|Any CPU
		{9DA52AD9-1A3B-4D1E-B3D6-5863E86DB9FB}.Debug|Any CPU.Build.0 = Debug|Any CPU
		{9DA52AD9-1A3B-4D1E-B3D6-5863E86DB9FB}.Release|Any CPU.ActiveCfg = Release|Any CPU
		{9DA52AD9-1A3B-4D1E-B3D6-5863E86DB9FB}.Release|Any CPU.Build.0 = Release|Any CPU
		{DFE8F6D6-9F0A-41D1-BB46-2A6A8B9EE02E}.Debug|Any CPU.ActiveCfg = Debug|Any CPU
		{DFE8F6D6-9F0A-41D1-BB46-2A6A8B9EE02E}.Debug|Any CPU.Build.0 = Debug|Any CPU
		{DFE8F6D6-9F0A-41D1-BB46-2A6A8B9EE02E}.Release|Any CPU.ActiveCfg = Release|Any CPU
		{DFE8F6D6-9F0A-41D1-BB46-2A6A8B9EE02E}.Release|Any CPU.Build.0 = Release|Any CPU
		{9B43BCEB-74C9-4AB8-A46D-61B5FBF1DD9F}.Debug|Any CPU.ActiveCfg = Debug|Any CPU
		{9B43BCEB-74C9-4AB8-A46D-61B5FBF1DD9F}.Debug|Any CPU.Build.0 = Debug|Any CPU
		{9B43BCEB-74C9-4AB8-A46D-61B5FBF1DD9F}.Release|Any CPU.ActiveCfg = Release|Any CPU
		{9B43BCEB-74C9-4AB8-A46D-61B5FBF1DD9F}.Release|Any CPU.Build.0 = Release|Any CPU
		{E842C0EF-94CF-40C6-8C0C-D38A1196F3F8}.Debug|Any CPU.ActiveCfg = Debug|Any CPU
		{E842C0EF-94CF-40C6-8C0C-D38A1196F3F8}.Debug|Any CPU.Build.0 = Debug|Any CPU
		{E842C0EF-94CF-40C6-8C0C-D38A1196F3F8}.Release|Any CPU.ActiveCfg = Release|Any CPU
		{E842C0EF-94CF-40C6-8C0C-D38A1196F3F8}.Release|Any CPU.Build.0 = Release|Any CPU
	EndGlobalSection
	GlobalSection(SolutionProperties) = preSolution
		HideSolutionNode = FALSE
	EndGlobalSection
	GlobalSection(ExtensibilityGlobals) = postSolution
		SolutionGuid = {33422860-64B6-4660-B063-75827D75907F}
	EndGlobalSection
EndGlobal
