
Microsoft Visual Studio Solution File, Format Version 12.00
# Visual Studio Version 16
VisualStudioVersion = 16.0.29806.167
MinimumVisualStudioVersion = 10.0.40219.1
Project("{FAE04EC0-301F-11D3-BF4B-00C04F79EFBC}") = "01. Day of Week", "01. Day of Week.csproj", "{C43C3A2E-7634-4F44-982C-1560547363AE}"
EndProject
Project("{FAE04EC0-301F-11D3-BF4B-00C04F79EFBC}") = "02. Animal Type", "..\02. Animal Type\02. Animal Type.csproj", "{6E265609-53BF-4711-BC4D-EE30907170A0}"
EndProject
Project("{FAE04EC0-301F-11D3-BF4B-00C04F79EFBC}") = "03. Personal Titles", "..\03. Personal Titles\03. Personal Titles.csproj", "{61E4741E-2F8E-481A-885D-015D36A75F77}"
EndProject
Project("{FAE04EC0-301F-11D3-BF4B-00C04F79EFBC}") = "04. Small Shop", "..\04. Small Shop\04. Small Shop.csproj", "{6441F016-A29A-42FE-AC26-D1FC48901056}"
EndProject
Project("{FAE04EC0-301F-11D3-BF4B-00C04F79EFBC}") = "05. Number in Range", "..\05. Number in Range\05. Number in Range.csproj", "{67A4DFAF-8A76-47D4-9248-F4E586B8C897}"
EndProject
Project("{FAE04EC0-301F-11D3-BF4B-00C04F79EFBC}") = "06. Fruit or Vegetable", "..\06. Fruit or Vegetable\06. Fruit or Vegetable.csproj", "{3715CED6-E3F7-40E6-8462-AD481EA64D12}"
EndProject
Project("{FAE04EC0-301F-11D3-BF4B-00C04F79EFBC}") = "07. Invalid Number", "..\07. Invalid Number\07. Invalid Number.csproj", "{2F1827D2-524C-4A7A-B28F-03195E1973A0}"
EndProject
Project("{FAE04EC0-301F-11D3-BF4B-00C04F79EFBC}") = "08. Fruit Shop", "..\08. Fruit Shop\08. Fruit Shop.csproj", "{28FA6086-D43A-46FB-9D8C-C959850E059E}"
EndProject
Project("{FAE04EC0-301F-11D3-BF4B-00C04F79EFBC}") = "09. Trade Commissions", "..\09. Trade Commissions\09. Trade Commissions.csproj", "{77E00233-1954-4EC1-B893-41F6EB4E2A77}"
EndProject
Project("{FAE04EC0-301F-11D3-BF4B-00C04F79EFBC}") = "10. Ski Trip", "..\10. Ski Trip\10. Ski Trip.csproj", "{45E82005-18A5-4E8F-B309-E3014E16C6C0}"
EndProject
Global
	GlobalSection(SolutionConfigurationPlatforms) = preSolution
		Debug|Any CPU = Debug|Any CPU
		Release|Any CPU = Release|Any CPU
	EndGlobalSection
	GlobalSection(ProjectConfigurationPlatforms) = postSolution
		{C43C3A2E-7634-4F44-982C-1560547363AE}.Debug|Any CPU.ActiveCfg = Debug|Any CPU
		{C43C3A2E-7634-4F44-982C-1560547363AE}.Debug|Any CPU.Build.0 = Debug|Any CPU
		{C43C3A2E-7634-4F44-982C-1560547363AE}.Release|Any CPU.ActiveCfg = Release|Any CPU
		{C43C3A2E-7634-4F44-982C-1560547363AE}.Release|Any CPU.Build.0 = Release|Any CPU
		{6E265609-53BF-4711-BC4D-EE30907170A0}.Debug|Any CPU.ActiveCfg = Debug|Any CPU
		{6E265609-53BF-4711-BC4D-EE30907170A0}.Debug|Any CPU.Build.0 = Debug|Any CPU
		{6E265609-53BF-4711-BC4D-EE30907170A0}.Release|Any CPU.ActiveCfg = Release|Any CPU
		{6E265609-53BF-4711-BC4D-EE30907170A0}.Release|Any CPU.Build.0 = Release|Any CPU
		{61E4741E-2F8E-481A-885D-015D36A75F77}.Debug|Any CPU.ActiveCfg = Debug|Any CPU
		{61E4741E-2F8E-481A-885D-015D36A75F77}.Debug|Any CPU.Build.0 = Debug|Any CPU
		{61E4741E-2F8E-481A-885D-015D36A75F77}.Release|Any CPU.ActiveCfg = Release|Any CPU
		{61E4741E-2F8E-481A-885D-015D36A75F77}.Release|Any CPU.Build.0 = Release|Any CPU
		{6441F016-A29A-42FE-AC26-D1FC48901056}.Debug|Any CPU.ActiveCfg = Debug|Any CPU
		{6441F016-A29A-42FE-AC26-D1FC48901056}.Debug|Any CPU.Build.0 = Debug|Any CPU
		{6441F016-A29A-42FE-AC26-D1FC48901056}.Release|Any CPU.ActiveCfg = Release|Any CPU
		{6441F016-A29A-42FE-AC26-D1FC48901056}.Release|Any CPU.Build.0 = Release|Any CPU
		{67A4DFAF-8A76-47D4-9248-F4E586B8C897}.Debug|Any CPU.ActiveCfg = Debug|Any CPU
		{67A4DFAF-8A76-47D4-9248-F4E586B8C897}.Debug|Any CPU.Build.0 = Debug|Any CPU
		{67A4DFAF-8A76-47D4-9248-F4E586B8C897}.Release|Any CPU.ActiveCfg = Release|Any CPU
		{67A4DFAF-8A76-47D4-9248-F4E586B8C897}.Release|Any CPU.Build.0 = Release|Any CPU
		{3715CED6-E3F7-40E6-8462-AD481EA64D12}.Debug|Any CPU.ActiveCfg = Debug|Any CPU
		{3715CED6-E3F7-40E6-8462-AD481EA64D12}.Debug|Any CPU.Build.0 = Debug|Any CPU
		{3715CED6-E3F7-40E6-8462-AD481EA64D12}.Release|Any CPU.ActiveCfg = Release|Any CPU
		{3715CED6-E3F7-40E6-8462-AD481EA64D12}.Release|Any CPU.Build.0 = Release|Any CPU
		{2F1827D2-524C-4A7A-B28F-03195E1973A0}.Debug|Any CPU.ActiveCfg = Debug|Any CPU
		{2F1827D2-524C-4A7A-B28F-03195E1973A0}.Debug|Any CPU.Build.0 = Debug|Any CPU
		{2F1827D2-524C-4A7A-B28F-03195E1973A0}.Release|Any CPU.ActiveCfg = Release|Any CPU
		{2F1827D2-524C-4A7A-B28F-03195E1973A0}.Release|Any CPU.Build.0 = Release|Any CPU
		{28FA6086-D43A-46FB-9D8C-C959850E059E}.Debug|Any CPU.ActiveCfg = Debug|Any CPU
		{28FA6086-D43A-46FB-9D8C-C959850E059E}.Debug|Any CPU.Build.0 = Debug|Any CPU
		{28FA6086-D43A-46FB-9D8C-C959850E059E}.Release|Any CPU.ActiveCfg = Release|Any CPU
		{28FA6086-D43A-46FB-9D8C-C959850E059E}.Release|Any CPU.Build.0 = Release|Any CPU
		{77E00233-1954-4EC1-B893-41F6EB4E2A77}.Debug|Any CPU.ActiveCfg = Debug|Any CPU
		{77E00233-1954-4EC1-B893-41F6EB4E2A77}.Debug|Any CPU.Build.0 = Debug|Any CPU
		{77E00233-1954-4EC1-B893-41F6EB4E2A77}.Release|Any CPU.ActiveCfg = Release|Any CPU
		{77E00233-1954-4EC1-B893-41F6EB4E2A77}.Release|Any CPU.Build.0 = Release|Any CPU
		{45E82005-18A5-4E8F-B309-E3014E16C6C0}.Debug|Any CPU.ActiveCfg = Debug|Any CPU
		{45E82005-18A5-4E8F-B309-E3014E16C6C0}.Debug|Any CPU.Build.0 = Debug|Any CPU
		{45E82005-18A5-4E8F-B309-E3014E16C6C0}.Release|Any CPU.ActiveCfg = Release|Any CPU
		{45E82005-18A5-4E8F-B309-E3014E16C6C0}.Release|Any CPU.Build.0 = Release|Any CPU
	EndGlobalSection
	GlobalSection(SolutionProperties) = preSolution
		HideSolutionNode = FALSE
	EndGlobalSection
	GlobalSection(ExtensibilityGlobals) = postSolution
		SolutionGuid = {861D435E-4501-4CF6-80D3-FFB4A42518CA}
	EndGlobalSection
EndGlobal
