
Microsoft Visual Studio Solution File, Format Version 12.00
# Visual Studio Version 16
VisualStudioVersion = 16.0.32510.428
MinimumVisualStudioVersion = 10.0.40219.1
Project("{9A19103F-16F7-4668-BE54-9A1E7A4F7556}") = "PlanetWars", "PlanetWars\PlanetWars.csproj", "{5B294ADF-9562-4A80-B3F8-F1D8C21DA4B3}"
EndProject
Project("{9A19103F-16F7-4668-BE54-9A1E7A4F7556}") = "PlanetWars.Tests", "Unit_Tests\PlanetWars.Tests.csproj", "{5592E751-FFCF-44E8-9B64-532CEE9356E6}"
EndProject
Global
	GlobalSection(SolutionConfigurationPlatforms) = preSolution
		Debug|Any CPU = Debug|Any CPU
		Release|Any CPU = Release|Any CPU
	EndGlobalSection
	GlobalSection(ProjectConfigurationPlatforms) = postSolution
		{5B294ADF-9562-4A80-B3F8-F1D8C21DA4B3}.Debug|Any CPU.ActiveCfg = Debug|Any CPU
		{5B294ADF-9562-4A80-B3F8-F1D8C21DA4B3}.Debug|Any CPU.Build.0 = Debug|Any CPU
		{5B294ADF-9562-4A80-B3F8-F1D8C21DA4B3}.Release|Any CPU.ActiveCfg = Release|Any CPU
		{5B294ADF-9562-4A80-B3F8-F1D8C21DA4B3}.Release|Any CPU.Build.0 = Release|Any CPU
		{5592E751-FFCF-44E8-9B64-532CEE9356E6}.Debug|Any CPU.ActiveCfg = Debug|Any CPU
		{5592E751-FFCF-44E8-9B64-532CEE9356E6}.Debug|Any CPU.Build.0 = Debug|Any CPU
		{5592E751-FFCF-44E8-9B64-532CEE9356E6}.Release|Any CPU.ActiveCfg = Release|Any CPU
		{5592E751-FFCF-44E8-9B64-532CEE9356E6}.Release|Any CPU.Build.0 = Release|Any CPU
	EndGlobalSection
	GlobalSection(SolutionProperties) = preSolution
		HideSolutionNode = FALSE
	EndGlobalSection
	GlobalSection(ExtensibilityGlobals) = postSolution
		SolutionGuid = {1F979E6A-F991-4BC7-925E-89D17077441F}
	EndGlobalSection
EndGlobal
