
Microsoft Visual Studio Solution File, Format Version 12.00
# Visual Studio Version 16
VisualStudioVersion = 16.0.29806.167
MinimumVisualStudioVersion = 10.0.40219.1
Project("{FAE04EC0-301F-11D3-BF4B-00C04F79EFBC}") = "01. Oscars ceremony", "01. Oscars ceremony.csproj", "{54AD3C2F-6B36-4FDB-837D-864C03C57B9D}"
EndProject
Project("{FAE04EC0-301F-11D3-BF4B-00C04F79EFBC}") = "02. Godzilla vs. Kong", "..\02. Godzilla vs. Kong\02. Godzilla vs. Kong.csproj", "{FBC57473-AD63-4240-A451-886C69EB5F60}"
EndProject
Project("{FAE04EC0-301F-11D3-BF4B-00C04F79EFBC}") = "03. Oscars week in cinema", "..\03. Oscars week in cinema\03. Oscars week in cinema.csproj", "{0B03CAF7-0B0F-4A70-B4F8-A3E3C54CAD90}"
EndProject
Project("{FAE04EC0-301F-11D3-BF4B-00C04F79EFBC}") = "04. Cinema Voucher", "..\04. Cinema Voucher\04. Cinema Voucher.csproj", "{E318CA92-2AE7-4E72-85D9-D2AA19FC99BB}"
EndProject
Project("{FAE04EC0-301F-11D3-BF4B-00C04F79EFBC}") = "05. Movie Ratings", "..\05. Movie Ratings\05. Movie Ratings.csproj", "{0BB827C0-E7FC-47C2-BD29-E8F2808D8418}"
EndProject
Project("{FAE04EC0-301F-11D3-BF4B-00C04F79EFBC}") = "06. Cinema Tickets", "..\06. Cinema Tickets\06. Cinema Tickets.csproj", "{D3E81B84-87D7-4AEC-AD5E-12DE9275E08F}"
EndProject
Global
	GlobalSection(SolutionConfigurationPlatforms) = preSolution
		Debug|Any CPU = Debug|Any CPU
		Release|Any CPU = Release|Any CPU
	EndGlobalSection
	GlobalSection(ProjectConfigurationPlatforms) = postSolution
		{54AD3C2F-6B36-4FDB-837D-864C03C57B9D}.Debug|Any CPU.ActiveCfg = Debug|Any CPU
		{54AD3C2F-6B36-4FDB-837D-864C03C57B9D}.Debug|Any CPU.Build.0 = Debug|Any CPU
		{54AD3C2F-6B36-4FDB-837D-864C03C57B9D}.Release|Any CPU.ActiveCfg = Release|Any CPU
		{54AD3C2F-6B36-4FDB-837D-864C03C57B9D}.Release|Any CPU.Build.0 = Release|Any CPU
		{FBC57473-AD63-4240-A451-886C69EB5F60}.Debug|Any CPU.ActiveCfg = Debug|Any CPU
		{FBC57473-AD63-4240-A451-886C69EB5F60}.Debug|Any CPU.Build.0 = Debug|Any CPU
		{FBC57473-AD63-4240-A451-886C69EB5F60}.Release|Any CPU.ActiveCfg = Release|Any CPU
		{FBC57473-AD63-4240-A451-886C69EB5F60}.Release|Any CPU.Build.0 = Release|Any CPU
		{0B03CAF7-0B0F-4A70-B4F8-A3E3C54CAD90}.Debug|Any CPU.ActiveCfg = Debug|Any CPU
		{0B03CAF7-0B0F-4A70-B4F8-A3E3C54CAD90}.Debug|Any CPU.Build.0 = Debug|Any CPU
		{0B03CAF7-0B0F-4A70-B4F8-A3E3C54CAD90}.Release|Any CPU.ActiveCfg = Release|Any CPU
		{0B03CAF7-0B0F-4A70-B4F8-A3E3C54CAD90}.Release|Any CPU.Build.0 = Release|Any CPU
		{E318CA92-2AE7-4E72-85D9-D2AA19FC99BB}.Debug|Any CPU.ActiveCfg = Debug|Any CPU
		{E318CA92-2AE7-4E72-85D9-D2AA19FC99BB}.Debug|Any CPU.Build.0 = Debug|Any CPU
		{E318CA92-2AE7-4E72-85D9-D2AA19FC99BB}.Release|Any CPU.ActiveCfg = Release|Any CPU
		{E318CA92-2AE7-4E72-85D9-D2AA19FC99BB}.Release|Any CPU.Build.0 = Release|Any CPU
		{0BB827C0-E7FC-47C2-BD29-E8F2808D8418}.Debug|Any CPU.ActiveCfg = Debug|Any CPU
		{0BB827C0-E7FC-47C2-BD29-E8F2808D8418}.Debug|Any CPU.Build.0 = Debug|Any CPU
		{0BB827C0-E7FC-47C2-BD29-E8F2808D8418}.Release|Any CPU.ActiveCfg = Release|Any CPU
		{0BB827C0-E7FC-47C2-BD29-E8F2808D8418}.Release|Any CPU.Build.0 = Release|Any CPU
		{D3E81B84-87D7-4AEC-AD5E-12DE9275E08F}.Debug|Any CPU.ActiveCfg = Debug|Any CPU
		{D3E81B84-87D7-4AEC-AD5E-12DE9275E08F}.Debug|Any CPU.Build.0 = Debug|Any CPU
		{D3E81B84-87D7-4AEC-AD5E-12DE9275E08F}.Release|Any CPU.ActiveCfg = Release|Any CPU
		{D3E81B84-87D7-4AEC-AD5E-12DE9275E08F}.Release|Any CPU.Build.0 = Release|Any CPU
	EndGlobalSection
	GlobalSection(SolutionProperties) = preSolution
		HideSolutionNode = FALSE
	EndGlobalSection
	GlobalSection(ExtensibilityGlobals) = postSolution
		SolutionGuid = {35DC131D-C420-4D54-B5B5-618A3FA647EA}
	EndGlobalSection
EndGlobal
